
Microsoft Visual Studio Solution File, Format Version 12.00
# Visual Studio 15
VisualStudioVersion = 15.0.27130.2024
MinimumVisualStudioVersion = 10.0.40219.1
Project("{FAE04EC0-301F-11D3-BF4B-00C04F79EFBC}") = "MyProj13-9", "MyProj13-9\MyProj13-9.csproj", "{6F759814-EBD4-432C-BEB5-12BEF31AE383}"
EndProject
Global
	GlobalSection(SolutionConfigurationPlatforms) = preSolution
		Debug|Any CPU = Debug|Any CPU
		Release|Any CPU = Release|Any CPU
	EndGlobalSection
	GlobalSection(ProjectConfigurationPlatforms) = postSolution
		{6F759814-EBD4-432C-BEB5-12BEF31AE383}.Debug|Any CPU.ActiveCfg = Debug|Any CPU
		{6F759814-EBD4-432C-BEB5-12BEF31AE383}.Debug|Any CPU.Build.0 = Debug|Any CPU
		{6F759814-EBD4-432C-BEB5-12BEF31AE383}.Release|Any CPU.ActiveCfg = Release|Any CPU
		{6F759814-EBD4-432C-BEB5-12BEF31AE383}.Release|Any CPU.Build.0 = Release|Any CPU
	EndGlobalSection
	GlobalSection(SolutionProperties) = preSolution
		HideSolutionNode = FALSE
	EndGlobalSection
	GlobalSection(ExtensibilityGlobals) = postSolution
		SolutionGuid = {B4D8D621-EB39-4DB1-B7E0-58475E19CB8C}
	EndGlobalSection
EndGlobal
