
Microsoft Visual Studio Solution File, Format Version 12.00
# Visual Studio 15
VisualStudioVersion = 15.0.27130.2024
MinimumVisualStudioVersion = 10.0.40219.1
Project("{FAE04EC0-301F-11D3-BF4B-00C04F79EFBC}") = "MyProj3-3", "MyProj3-3\MyProj3-3.csproj", "{2BE2ECB6-ED4F-4585-85E3-9E17ED7722EF}"
EndProject
Global
	GlobalSection(SolutionConfigurationPlatforms) = preSolution
		Debug|Any CPU = Debug|Any CPU
		Release|Any CPU = Release|Any CPU
	EndGlobalSection
	GlobalSection(ProjectConfigurationPlatforms) = postSolution
		{2BE2ECB6-ED4F-4585-85E3-9E17ED7722EF}.Debug|Any CPU.ActiveCfg = Debug|Any CPU
		{2BE2ECB6-ED4F-4585-85E3-9E17ED7722EF}.Debug|Any CPU.Build.0 = Debug|Any CPU
		{2BE2ECB6-ED4F-4585-85E3-9E17ED7722EF}.Release|Any CPU.ActiveCfg = Release|Any CPU
		{2BE2ECB6-ED4F-4585-85E3-9E17ED7722EF}.Release|Any CPU.Build.0 = Release|Any CPU
	EndGlobalSection
	GlobalSection(SolutionProperties) = preSolution
		HideSolutionNode = FALSE
	EndGlobalSection
	GlobalSection(ExtensibilityGlobals) = postSolution
		SolutionGuid = {F71AD096-BBAA-4964-8000-60A5C3A9DF12}
	EndGlobalSection
EndGlobal
