
Microsoft Visual Studio Solution File, Format Version 12.00
# Visual Studio 15
VisualStudioVersion = 15.0.27130.2024
MinimumVisualStudioVersion = 10.0.40219.1
Project("{FAE04EC0-301F-11D3-BF4B-00C04F79EFBC}") = "MyProj8-18", "MyProj8-18\MyProj8-18.csproj", "{7F9F59D7-80D8-4E23-BE23-A879314DA185}"
EndProject
Global
	GlobalSection(SolutionConfigurationPlatforms) = preSolution
		Debug|Any CPU = Debug|Any CPU
		Release|Any CPU = Release|Any CPU
	EndGlobalSection
	GlobalSection(ProjectConfigurationPlatforms) = postSolution
		{7F9F59D7-80D8-4E23-BE23-A879314DA185}.Debug|Any CPU.ActiveCfg = Debug|Any CPU
		{7F9F59D7-80D8-4E23-BE23-A879314DA185}.Debug|Any CPU.Build.0 = Debug|Any CPU
		{7F9F59D7-80D8-4E23-BE23-A879314DA185}.Release|Any CPU.ActiveCfg = Release|Any CPU
		{7F9F59D7-80D8-4E23-BE23-A879314DA185}.Release|Any CPU.Build.0 = Release|Any CPU
	EndGlobalSection
	GlobalSection(SolutionProperties) = preSolution
		HideSolutionNode = FALSE
	EndGlobalSection
	GlobalSection(ExtensibilityGlobals) = postSolution
		SolutionGuid = {5635E701-5F27-4554-AFFD-172484786812}
	EndGlobalSection
EndGlobal
