
Microsoft Visual Studio Solution File, Format Version 12.00
# Visual Studio 15
VisualStudioVersion = 15.0.27130.2024
MinimumVisualStudioVersion = 10.0.40219.1
Project("{FAE04EC0-301F-11D3-BF4B-00C04F79EFBC}") = "MyProj5-7", "MyProj5-7\MyProj5-7.csproj", "{4FF9F4D2-1667-4802-900B-B0174E330828}"
EndProject
Global
	GlobalSection(SolutionConfigurationPlatforms) = preSolution
		Debug|Any CPU = Debug|Any CPU
		Release|Any CPU = Release|Any CPU
	EndGlobalSection
	GlobalSection(ProjectConfigurationPlatforms) = postSolution
		{4FF9F4D2-1667-4802-900B-B0174E330828}.Debug|Any CPU.ActiveCfg = Debug|Any CPU
		{4FF9F4D2-1667-4802-900B-B0174E330828}.Debug|Any CPU.Build.0 = Debug|Any CPU
		{4FF9F4D2-1667-4802-900B-B0174E330828}.Release|Any CPU.ActiveCfg = Release|Any CPU
		{4FF9F4D2-1667-4802-900B-B0174E330828}.Release|Any CPU.Build.0 = Release|Any CPU
	EndGlobalSection
	GlobalSection(SolutionProperties) = preSolution
		HideSolutionNode = FALSE
	EndGlobalSection
	GlobalSection(ExtensibilityGlobals) = postSolution
		SolutionGuid = {0CC716DF-C540-4D5F-A5C4-8BA367C9F1AC}
	EndGlobalSection
EndGlobal
