
Microsoft Visual Studio Solution File, Format Version 12.00
# Visual Studio 15
VisualStudioVersion = 15.0.27130.2027
MinimumVisualStudioVersion = 10.0.40219.1
Project("{FAE04EC0-301F-11D3-BF4B-00C04F79EFBC}") = "MyProj12-4", "MyProj12-4\MyProj12-4.csproj", "{5693230A-BFDC-44AC-A9B7-93DE0F5E8406}"
EndProject
Global
	GlobalSection(SolutionConfigurationPlatforms) = preSolution
		Debug|Any CPU = Debug|Any CPU
		Release|Any CPU = Release|Any CPU
	EndGlobalSection
	GlobalSection(ProjectConfigurationPlatforms) = postSolution
		{5693230A-BFDC-44AC-A9B7-93DE0F5E8406}.Debug|Any CPU.ActiveCfg = Debug|Any CPU
		{5693230A-BFDC-44AC-A9B7-93DE0F5E8406}.Debug|Any CPU.Build.0 = Debug|Any CPU
		{5693230A-BFDC-44AC-A9B7-93DE0F5E8406}.Release|Any CPU.ActiveCfg = Release|Any CPU
		{5693230A-BFDC-44AC-A9B7-93DE0F5E8406}.Release|Any CPU.Build.0 = Release|Any CPU
	EndGlobalSection
	GlobalSection(SolutionProperties) = preSolution
		HideSolutionNode = FALSE
	EndGlobalSection
	GlobalSection(ExtensibilityGlobals) = postSolution
		SolutionGuid = {3245ACCB-4803-4911-8853-8C412471D3B1}
	EndGlobalSection
EndGlobal
