
Microsoft Visual Studio Solution File, Format Version 12.00
# Visual Studio 15
VisualStudioVersion = 15.0.27130.2027
MinimumVisualStudioVersion = 10.0.40219.1
Project("{FAE04EC0-301F-11D3-BF4B-00C04F79EFBC}") = "MyProj12-1", "MyProj12-1\MyProj12-1.csproj", "{10D41EA5-CB28-4E16-BB43-7DEF7EE3A82E}"
EndProject
Global
	GlobalSection(SolutionConfigurationPlatforms) = preSolution
		Debug|Any CPU = Debug|Any CPU
		Release|Any CPU = Release|Any CPU
	EndGlobalSection
	GlobalSection(ProjectConfigurationPlatforms) = postSolution
		{10D41EA5-CB28-4E16-BB43-7DEF7EE3A82E}.Debug|Any CPU.ActiveCfg = Debug|Any CPU
		{10D41EA5-CB28-4E16-BB43-7DEF7EE3A82E}.Debug|Any CPU.Build.0 = Debug|Any CPU
		{10D41EA5-CB28-4E16-BB43-7DEF7EE3A82E}.Release|Any CPU.ActiveCfg = Release|Any CPU
		{10D41EA5-CB28-4E16-BB43-7DEF7EE3A82E}.Release|Any CPU.Build.0 = Release|Any CPU
	EndGlobalSection
	GlobalSection(SolutionProperties) = preSolution
		HideSolutionNode = FALSE
	EndGlobalSection
	GlobalSection(ExtensibilityGlobals) = postSolution
		SolutionGuid = {AE424B8A-0899-4014-865A-49DF67C18307}
	EndGlobalSection
EndGlobal
