
Microsoft Visual Studio Solution File, Format Version 12.00
# Visual Studio 15
VisualStudioVersion = 15.0.27130.2024
MinimumVisualStudioVersion = 10.0.40219.1
Project("{FAE04EC0-301F-11D3-BF4B-00C04F79EFBC}") = "MyProj5-11", "MyProj5-11\MyProj5-11.csproj", "{CA36FFAD-BB20-4336-B384-7F0B6007A134}"
EndProject
Global
	GlobalSection(SolutionConfigurationPlatforms) = preSolution
		Debug|Any CPU = Debug|Any CPU
		Release|Any CPU = Release|Any CPU
	EndGlobalSection
	GlobalSection(ProjectConfigurationPlatforms) = postSolution
		{CA36FFAD-BB20-4336-B384-7F0B6007A134}.Debug|Any CPU.ActiveCfg = Debug|Any CPU
		{CA36FFAD-BB20-4336-B384-7F0B6007A134}.Debug|Any CPU.Build.0 = Debug|Any CPU
		{CA36FFAD-BB20-4336-B384-7F0B6007A134}.Release|Any CPU.ActiveCfg = Release|Any CPU
		{CA36FFAD-BB20-4336-B384-7F0B6007A134}.Release|Any CPU.Build.0 = Release|Any CPU
	EndGlobalSection
	GlobalSection(SolutionProperties) = preSolution
		HideSolutionNode = FALSE
	EndGlobalSection
	GlobalSection(ExtensibilityGlobals) = postSolution
		SolutionGuid = {A06D150B-FEB9-4282-9F9E-FA49AF5063B3}
	EndGlobalSection
EndGlobal
