
Microsoft Visual Studio Solution File, Format Version 12.00
# Visual Studio 15
VisualStudioVersion = 15.0.27130.2024
MinimumVisualStudioVersion = 10.0.40219.1
Project("{FAE04EC0-301F-11D3-BF4B-00C04F79EFBC}") = "MyProj8-16", "MyProj8-16\MyProj8-16.csproj", "{BD5AACDC-6BFB-484E-9974-657986503634}"
EndProject
Global
	GlobalSection(SolutionConfigurationPlatforms) = preSolution
		Debug|Any CPU = Debug|Any CPU
		Release|Any CPU = Release|Any CPU
	EndGlobalSection
	GlobalSection(ProjectConfigurationPlatforms) = postSolution
		{BD5AACDC-6BFB-484E-9974-657986503634}.Debug|Any CPU.ActiveCfg = Debug|Any CPU
		{BD5AACDC-6BFB-484E-9974-657986503634}.Debug|Any CPU.Build.0 = Debug|Any CPU
		{BD5AACDC-6BFB-484E-9974-657986503634}.Release|Any CPU.ActiveCfg = Release|Any CPU
		{BD5AACDC-6BFB-484E-9974-657986503634}.Release|Any CPU.Build.0 = Release|Any CPU
	EndGlobalSection
	GlobalSection(SolutionProperties) = preSolution
		HideSolutionNode = FALSE
	EndGlobalSection
	GlobalSection(ExtensibilityGlobals) = postSolution
		SolutionGuid = {39F2D586-28FC-47E2-8A7E-A5E09F16853F}
	EndGlobalSection
EndGlobal
