
Microsoft Visual Studio Solution File, Format Version 12.00
# Visual Studio 15
VisualStudioVersion = 15.0.27130.2024
MinimumVisualStudioVersion = 10.0.40219.1
Project("{FAE04EC0-301F-11D3-BF4B-00C04F79EFBC}") = "MyProj5-9", "MyProj5-9\MyProj5-9.csproj", "{1E163DF3-A991-4CC1-8A9B-B9DCF2625C5E}"
EndProject
Global
	GlobalSection(SolutionConfigurationPlatforms) = preSolution
		Debug|Any CPU = Debug|Any CPU
		Release|Any CPU = Release|Any CPU
	EndGlobalSection
	GlobalSection(ProjectConfigurationPlatforms) = postSolution
		{1E163DF3-A991-4CC1-8A9B-B9DCF2625C5E}.Debug|Any CPU.ActiveCfg = Debug|Any CPU
		{1E163DF3-A991-4CC1-8A9B-B9DCF2625C5E}.Debug|Any CPU.Build.0 = Debug|Any CPU
		{1E163DF3-A991-4CC1-8A9B-B9DCF2625C5E}.Release|Any CPU.ActiveCfg = Release|Any CPU
		{1E163DF3-A991-4CC1-8A9B-B9DCF2625C5E}.Release|Any CPU.Build.0 = Release|Any CPU
	EndGlobalSection
	GlobalSection(SolutionProperties) = preSolution
		HideSolutionNode = FALSE
	EndGlobalSection
	GlobalSection(ExtensibilityGlobals) = postSolution
		SolutionGuid = {E6D84F4E-6693-4F7E-9400-80E3AA3F4542}
	EndGlobalSection
EndGlobal
