
Microsoft Visual Studio Solution File, Format Version 12.00
# Visual Studio 15
VisualStudioVersion = 15.0.27130.2024
MinimumVisualStudioVersion = 10.0.40219.1
Project("{FAE04EC0-301F-11D3-BF4B-00C04F79EFBC}") = "MyProj6-2", "MyProj6-2\MyProj6-2.csproj", "{F4DE1AE9-66F6-438A-BC63-FAD30C43A40D}"
EndProject
Global
	GlobalSection(SolutionConfigurationPlatforms) = preSolution
		Debug|Any CPU = Debug|Any CPU
		Release|Any CPU = Release|Any CPU
	EndGlobalSection
	GlobalSection(ProjectConfigurationPlatforms) = postSolution
		{F4DE1AE9-66F6-438A-BC63-FAD30C43A40D}.Debug|Any CPU.ActiveCfg = Debug|Any CPU
		{F4DE1AE9-66F6-438A-BC63-FAD30C43A40D}.Debug|Any CPU.Build.0 = Debug|Any CPU
		{F4DE1AE9-66F6-438A-BC63-FAD30C43A40D}.Release|Any CPU.ActiveCfg = Release|Any CPU
		{F4DE1AE9-66F6-438A-BC63-FAD30C43A40D}.Release|Any CPU.Build.0 = Release|Any CPU
	EndGlobalSection
	GlobalSection(SolutionProperties) = preSolution
		HideSolutionNode = FALSE
	EndGlobalSection
	GlobalSection(ExtensibilityGlobals) = postSolution
		SolutionGuid = {E02447D6-BEB3-4003-8C8E-B3E7D6353B6C}
	EndGlobalSection
EndGlobal
