
Microsoft Visual Studio Solution File, Format Version 12.00
# Visual Studio 15
VisualStudioVersion = 15.0.27130.2024
MinimumVisualStudioVersion = 10.0.40219.1
Project("{FAE04EC0-301F-11D3-BF4B-00C04F79EFBC}") = "MyProj7-2", "MyProj7-2\MyProj7-2.csproj", "{5E9E2091-4E38-4133-9BA9-307A815DFDA7}"
EndProject
Global
	GlobalSection(SolutionConfigurationPlatforms) = preSolution
		Debug|Any CPU = Debug|Any CPU
		Release|Any CPU = Release|Any CPU
	EndGlobalSection
	GlobalSection(ProjectConfigurationPlatforms) = postSolution
		{5E9E2091-4E38-4133-9BA9-307A815DFDA7}.Debug|Any CPU.ActiveCfg = Debug|Any CPU
		{5E9E2091-4E38-4133-9BA9-307A815DFDA7}.Debug|Any CPU.Build.0 = Debug|Any CPU
		{5E9E2091-4E38-4133-9BA9-307A815DFDA7}.Release|Any CPU.ActiveCfg = Release|Any CPU
		{5E9E2091-4E38-4133-9BA9-307A815DFDA7}.Release|Any CPU.Build.0 = Release|Any CPU
	EndGlobalSection
	GlobalSection(SolutionProperties) = preSolution
		HideSolutionNode = FALSE
	EndGlobalSection
	GlobalSection(ExtensibilityGlobals) = postSolution
		SolutionGuid = {3B86BC3E-3EF9-4BE4-B240-B6D81D768FA8}
	EndGlobalSection
EndGlobal
