
Microsoft Visual Studio Solution File, Format Version 12.00
# Visual Studio 15
VisualStudioVersion = 15.0.27130.2024
MinimumVisualStudioVersion = 10.0.40219.1
Project("{FAE04EC0-301F-11D3-BF4B-00C04F79EFBC}") = "MyProj13-3", "MyProj13-3\MyProj13-3.csproj", "{8C612594-207C-4C40-9394-4785E9759E6A}"
EndProject
Global
	GlobalSection(SolutionConfigurationPlatforms) = preSolution
		Debug|Any CPU = Debug|Any CPU
		Release|Any CPU = Release|Any CPU
	EndGlobalSection
	GlobalSection(ProjectConfigurationPlatforms) = postSolution
		{8C612594-207C-4C40-9394-4785E9759E6A}.Debug|Any CPU.ActiveCfg = Debug|Any CPU
		{8C612594-207C-4C40-9394-4785E9759E6A}.Debug|Any CPU.Build.0 = Debug|Any CPU
		{8C612594-207C-4C40-9394-4785E9759E6A}.Release|Any CPU.ActiveCfg = Release|Any CPU
		{8C612594-207C-4C40-9394-4785E9759E6A}.Release|Any CPU.Build.0 = Release|Any CPU
	EndGlobalSection
	GlobalSection(SolutionProperties) = preSolution
		HideSolutionNode = FALSE
	EndGlobalSection
	GlobalSection(ExtensibilityGlobals) = postSolution
		SolutionGuid = {352739ED-4CAC-45A9-973E-DB8893DCC4E5}
	EndGlobalSection
EndGlobal
