
Microsoft Visual Studio Solution File, Format Version 12.00
# Visual Studio 15
VisualStudioVersion = 15.0.27130.2024
MinimumVisualStudioVersion = 10.0.40219.1
Project("{FAE04EC0-301F-11D3-BF4B-00C04F79EFBC}") = "MyProj9-5", "MyProj9-5\MyProj9-5.csproj", "{B56B3BAF-C3E3-4352-8767-AC4EBA1283E7}"
EndProject
Global
	GlobalSection(SolutionConfigurationPlatforms) = preSolution
		Debug|Any CPU = Debug|Any CPU
		Release|Any CPU = Release|Any CPU
	EndGlobalSection
	GlobalSection(ProjectConfigurationPlatforms) = postSolution
		{B56B3BAF-C3E3-4352-8767-AC4EBA1283E7}.Debug|Any CPU.ActiveCfg = Debug|Any CPU
		{B56B3BAF-C3E3-4352-8767-AC4EBA1283E7}.Debug|Any CPU.Build.0 = Debug|Any CPU
		{B56B3BAF-C3E3-4352-8767-AC4EBA1283E7}.Release|Any CPU.ActiveCfg = Release|Any CPU
		{B56B3BAF-C3E3-4352-8767-AC4EBA1283E7}.Release|Any CPU.Build.0 = Release|Any CPU
	EndGlobalSection
	GlobalSection(SolutionProperties) = preSolution
		HideSolutionNode = FALSE
	EndGlobalSection
	GlobalSection(ExtensibilityGlobals) = postSolution
		SolutionGuid = {589166EA-21DB-4E76-9FA9-B72A4C3E87BE}
	EndGlobalSection
EndGlobal
