
Microsoft Visual Studio Solution File, Format Version 12.00
# Visual Studio 15
VisualStudioVersion = 15.0.27130.2024
MinimumVisualStudioVersion = 10.0.40219.1
Project("{FAE04EC0-301F-11D3-BF4B-00C04F79EFBC}") = "MyProj8-13", "MyProj8-13\MyProj8-13.csproj", "{9B6BDF43-CD92-4B94-AEE6-11E9D144E419}"
EndProject
Global
	GlobalSection(SolutionConfigurationPlatforms) = preSolution
		Debug|Any CPU = Debug|Any CPU
		Release|Any CPU = Release|Any CPU
	EndGlobalSection
	GlobalSection(ProjectConfigurationPlatforms) = postSolution
		{9B6BDF43-CD92-4B94-AEE6-11E9D144E419}.Debug|Any CPU.ActiveCfg = Debug|Any CPU
		{9B6BDF43-CD92-4B94-AEE6-11E9D144E419}.Debug|Any CPU.Build.0 = Debug|Any CPU
		{9B6BDF43-CD92-4B94-AEE6-11E9D144E419}.Release|Any CPU.ActiveCfg = Release|Any CPU
		{9B6BDF43-CD92-4B94-AEE6-11E9D144E419}.Release|Any CPU.Build.0 = Release|Any CPU
	EndGlobalSection
	GlobalSection(SolutionProperties) = preSolution
		HideSolutionNode = FALSE
	EndGlobalSection
	GlobalSection(ExtensibilityGlobals) = postSolution
		SolutionGuid = {D791AD71-9541-4975-8AF2-F4CF21018847}
	EndGlobalSection
EndGlobal
