
Microsoft Visual Studio Solution File, Format Version 12.00
# Visual Studio 15
VisualStudioVersion = 15.0.27130.2024
MinimumVisualStudioVersion = 10.0.40219.1
Project("{FAE04EC0-301F-11D3-BF4B-00C04F79EFBC}") = "MyProj14-6", "MyProj14-6\MyProj14-6.csproj", "{DEFDD321-A98F-4D11-AA6F-527C133CD17C}"
EndProject
Global
	GlobalSection(SolutionConfigurationPlatforms) = preSolution
		Debug|Any CPU = Debug|Any CPU
		Release|Any CPU = Release|Any CPU
	EndGlobalSection
	GlobalSection(ProjectConfigurationPlatforms) = postSolution
		{DEFDD321-A98F-4D11-AA6F-527C133CD17C}.Debug|Any CPU.ActiveCfg = Debug|Any CPU
		{DEFDD321-A98F-4D11-AA6F-527C133CD17C}.Debug|Any CPU.Build.0 = Debug|Any CPU
		{DEFDD321-A98F-4D11-AA6F-527C133CD17C}.Release|Any CPU.ActiveCfg = Release|Any CPU
		{DEFDD321-A98F-4D11-AA6F-527C133CD17C}.Release|Any CPU.Build.0 = Release|Any CPU
	EndGlobalSection
	GlobalSection(SolutionProperties) = preSolution
		HideSolutionNode = FALSE
	EndGlobalSection
	GlobalSection(ExtensibilityGlobals) = postSolution
		SolutionGuid = {DDF512E9-FDCE-4666-B22F-343A416E27F5}
	EndGlobalSection
EndGlobal
