
Microsoft Visual Studio Solution File, Format Version 12.00
# Visual Studio 15
VisualStudioVersion = 15.0.27130.2024
MinimumVisualStudioVersion = 10.0.40219.1
Project("{FAE04EC0-301F-11D3-BF4B-00C04F79EFBC}") = "MyProj5-3", "MyProj5-3\MyProj5-3.csproj", "{248CC4F0-A9AD-4D05-A665-7EB4AC72E44C}"
EndProject
Global
	GlobalSection(SolutionConfigurationPlatforms) = preSolution
		Debug|Any CPU = Debug|Any CPU
		Release|Any CPU = Release|Any CPU
	EndGlobalSection
	GlobalSection(ProjectConfigurationPlatforms) = postSolution
		{248CC4F0-A9AD-4D05-A665-7EB4AC72E44C}.Debug|Any CPU.ActiveCfg = Debug|Any CPU
		{248CC4F0-A9AD-4D05-A665-7EB4AC72E44C}.Debug|Any CPU.Build.0 = Debug|Any CPU
		{248CC4F0-A9AD-4D05-A665-7EB4AC72E44C}.Release|Any CPU.ActiveCfg = Release|Any CPU
		{248CC4F0-A9AD-4D05-A665-7EB4AC72E44C}.Release|Any CPU.Build.0 = Release|Any CPU
	EndGlobalSection
	GlobalSection(SolutionProperties) = preSolution
		HideSolutionNode = FALSE
	EndGlobalSection
	GlobalSection(ExtensibilityGlobals) = postSolution
		SolutionGuid = {D3C075CC-4FFE-4475-BC33-D74F286E60B7}
	EndGlobalSection
EndGlobal
