
Microsoft Visual Studio Solution File, Format Version 12.00
# Visual Studio 15
VisualStudioVersion = 15.0.27130.2024
MinimumVisualStudioVersion = 10.0.40219.1
Project("{FAE04EC0-301F-11D3-BF4B-00C04F79EFBC}") = "MyProj14-5", "MyProj14-5\MyProj14-5.csproj", "{12634F05-368D-4041-B6D8-89EE5310DD86}"
EndProject
Global
	GlobalSection(SolutionConfigurationPlatforms) = preSolution
		Debug|Any CPU = Debug|Any CPU
		Release|Any CPU = Release|Any CPU
	EndGlobalSection
	GlobalSection(ProjectConfigurationPlatforms) = postSolution
		{12634F05-368D-4041-B6D8-89EE5310DD86}.Debug|Any CPU.ActiveCfg = Debug|Any CPU
		{12634F05-368D-4041-B6D8-89EE5310DD86}.Debug|Any CPU.Build.0 = Debug|Any CPU
		{12634F05-368D-4041-B6D8-89EE5310DD86}.Release|Any CPU.ActiveCfg = Release|Any CPU
		{12634F05-368D-4041-B6D8-89EE5310DD86}.Release|Any CPU.Build.0 = Release|Any CPU
	EndGlobalSection
	GlobalSection(SolutionProperties) = preSolution
		HideSolutionNode = FALSE
	EndGlobalSection
	GlobalSection(ExtensibilityGlobals) = postSolution
		SolutionGuid = {AD549942-BF71-47E8-A43A-0F28172BF760}
	EndGlobalSection
EndGlobal
